
Microsoft Visual Studio Solution File, Format Version 12.00
# Visual Studio 14
VisualStudioVersion = 14.0.23107.0
MinimumVisualStudioVersion = 10.0.40219.1
Project("{FAE04EC0-301F-11D3-BF4B-00C04F79EFBC}") = "MarcelJoachimKloubert", "MarcelJoachimKloubert\MarcelJoachimKloubert.csproj", "{FFDC5229-E23B-4A31-A586-6425591F86E5}"
EndProject
Project("{FAE04EC0-301F-11D3-BF4B-00C04F79EFBC}") = "MarcelJoachimKloubert.Composition.Tests", "MarcelJoachimKloubert.Composition.Tests\MarcelJoachimKloubert.Composition.Tests.csproj", "{F0FEDADC-F15D-4D80-BB01-8DA78CA13D6C}"
EndProject
Global
	GlobalSection(SolutionConfigurationPlatforms) = preSolution
		Debug|Any CPU = Debug|Any CPU
		Debug|ARM = Debug|ARM
		Debug|x64 = Debug|x64
		Debug|x86 = Debug|x86
		Release|Any CPU = Release|Any CPU
		Release|ARM = Release|ARM
		Release|x64 = Release|x64
		Release|x86 = Release|x86
	EndGlobalSection
	GlobalSection(ProjectConfigurationPlatforms) = postSolution
		{FFDC5229-E23B-4A31-A586-6425591F86E5}.Debug|Any CPU.ActiveCfg = Debug|Any CPU
		{FFDC5229-E23B-4A31-A586-6425591F86E5}.Debug|Any CPU.Build.0 = Debug|Any CPU
		{FFDC5229-E23B-4A31-A586-6425591F86E5}.Debug|ARM.ActiveCfg = Debug|ARM
		{FFDC5229-E23B-4A31-A586-6425591F86E5}.Debug|ARM.Build.0 = Debug|ARM
		{FFDC5229-E23B-4A31-A586-6425591F86E5}.Debug|x64.ActiveCfg = Debug|x64
		{FFDC5229-E23B-4A31-A586-6425591F86E5}.Debug|x64.Build.0 = Debug|x64
		{FFDC5229-E23B-4A31-A586-6425591F86E5}.Debug|x86.ActiveCfg = Debug|x86
		{FFDC5229-E23B-4A31-A586-6425591F86E5}.Debug|x86.Build.0 = Debug|x86
		{FFDC5229-E23B-4A31-A586-6425591F86E5}.Release|Any CPU.ActiveCfg = Release|Any CPU
		{FFDC5229-E23B-4A31-A586-6425591F86E5}.Release|Any CPU.Build.0 = Release|Any CPU
		{FFDC5229-E23B-4A31-A586-6425591F86E5}.Release|ARM.ActiveCfg = Release|ARM
		{FFDC5229-E23B-4A31-A586-6425591F86E5}.Release|ARM.Build.0 = Release|ARM
		{FFDC5229-E23B-4A31-A586-6425591F86E5}.Release|x64.ActiveCfg = Release|x64
		{FFDC5229-E23B-4A31-A586-6425591F86E5}.Release|x64.Build.0 = Release|x64
		{FFDC5229-E23B-4A31-A586-6425591F86E5}.Release|x86.ActiveCfg = Release|x86
		{FFDC5229-E23B-4A31-A586-6425591F86E5}.Release|x86.Build.0 = Release|x86
		{F0FEDADC-F15D-4D80-BB01-8DA78CA13D6C}.Debug|Any CPU.ActiveCfg = Debug|x86
		{F0FEDADC-F15D-4D80-BB01-8DA78CA13D6C}.Debug|Any CPU.Build.0 = Debug|x86
		{F0FEDADC-F15D-4D80-BB01-8DA78CA13D6C}.Debug|Any CPU.Deploy.0 = Debug|x86
		{F0FEDADC-F15D-4D80-BB01-8DA78CA13D6C}.Debug|ARM.ActiveCfg = Debug|ARM
		{F0FEDADC-F15D-4D80-BB01-8DA78CA13D6C}.Debug|ARM.Build.0 = Debug|ARM
		{F0FEDADC-F15D-4D80-BB01-8DA78CA13D6C}.Debug|ARM.Deploy.0 = Debug|ARM
		{F0FEDADC-F15D-4D80-BB01-8DA78CA13D6C}.Debug|x64.ActiveCfg = Debug|x64
		{F0FEDADC-F15D-4D80-BB01-8DA78CA13D6C}.Debug|x64.Build.0 = Debug|x64
		{F0FEDADC-F15D-4D80-BB01-8DA78CA13D6C}.Debug|x64.Deploy.0 = Debug|x64
		{F0FEDADC-F15D-4D80-BB01-8DA78CA13D6C}.Debug|x86.ActiveCfg = Debug|x86
		{F0FEDADC-F15D-4D80-BB01-8DA78CA13D6C}.Debug|x86.Build.0 = Debug|x86
		{F0FEDADC-F15D-4D80-BB01-8DA78CA13D6C}.Debug|x86.Deploy.0 = Debug|x86
		{F0FEDADC-F15D-4D80-BB01-8DA78CA13D6C}.Release|Any CPU.ActiveCfg = Release|x86
		{F0FEDADC-F15D-4D80-BB01-8DA78CA13D6C}.Release|ARM.ActiveCfg = Release|ARM
		{F0FEDADC-F15D-4D80-BB01-8DA78CA13D6C}.Release|ARM.Build.0 = Release|ARM
		{F0FEDADC-F15D-4D80-BB01-8DA78CA13D6C}.Release|ARM.Deploy.0 = Release|ARM
		{F0FEDADC-F15D-4D80-BB01-8DA78CA13D6C}.Release|x64.ActiveCfg = Release|x64
		{F0FEDADC-F15D-4D80-BB01-8DA78CA13D6C}.Release|x64.Build.0 = Release|x64
		{F0FEDADC-F15D-4D80-BB01-8DA78CA13D6C}.Release|x64.Deploy.0 = Release|x64
		{F0FEDADC-F15D-4D80-BB01-8DA78CA13D6C}.Release|x86.ActiveCfg = Release|x86
		{F0FEDADC-F15D-4D80-BB01-8DA78CA13D6C}.Release|x86.Build.0 = Release|x86
		{F0FEDADC-F15D-4D80-BB01-8DA78CA13D6C}.Release|x86.Deploy.0 = Release|x86
	EndGlobalSection
	GlobalSection(SolutionProperties) = preSolution
		HideSolutionNode = FALSE
	EndGlobalSection
EndGlobal
